# THIS IS AN AUTOGENERATED FILE. DO NOT EDIT THIS FILE DIRECTLY.
# yarn lockfile v1


"caniuse-lite@^1.0.30001443":
  "integrity" "sha512-jUo8svymO8+Mkj3qbUbVjR8zv8LUGpGkUM/jKvc9SO2BvjCI980dp9fQbf/dyLs6RascPzgR4nhAKFA4OHeSaA=="
  "resolved" "https://registry.npmjs.org/caniuse-lite/-/caniuse-lite-1.0.30001443.tgz"
  "version" "1.0.30001443"
